
Microsoft Visual Studio Solution File, Format Version 12.00
# Visual Studio Version 16
VisualStudioVersion = 16.0.29728.190
MinimumVisualStudioVersion = 10.0.40219.1
Project("{FAE04EC0-301F-11D3-BF4B-00C04F79EFBC}") = "Elections", "Elections\Elections.csproj", "{B4379A00-4679-472A-87D5-0BE059EB877E}"
EndProject
Global
	GlobalSection(SolutionConfigurationPlatforms) = preSolution
		Debug|Any CPU = Debug|Any CPU
		Release|Any CPU = Release|Any CPU
	EndGlobalSection
	GlobalSection(ProjectConfigurationPlatforms) = postSolution
		{B4379A00-4679-472A-87D5-0BE059EB877E}.Debug|Any CPU.ActiveCfg = Debug|Any CPU
		{B4379A00-4679-472A-87D5-0BE059EB877E}.Debug|Any CPU.Build.0 = Debug|Any CPU
		{B4379A00-4679-472A-87D5-0BE059EB877E}.Release|Any CPU.ActiveCfg = Release|Any CPU
		{B4379A00-4679-472A-87D5-0BE059EB877E}.Release|Any CPU.Build.0 = Release|Any CPU
	EndGlobalSection
	GlobalSection(SolutionProperties) = preSolution
		HideSolutionNode = FALSE
	EndGlobalSection
	GlobalSection(ExtensibilityGlobals) = postSolution
		SolutionGuid = {CB21F567-EB36-41A1-A653-A552774BED5E}
	EndGlobalSection
EndGlobal
